
Microsoft Visual Studio Solution File, Format Version 12.00
# Visual Studio 2012
Project("{2150E333-8FDC-42A3-9474-1A3956D46DE8}") = "HW1", "HW1", "{C8503AB1-6E21-47C1-BFCE-B60DB9CABDF2}"
EndProject
Project("{2150E333-8FDC-42A3-9474-1A3956D46DE8}") = "HW2", "HW2", "{76AFD5F0-AA74-42C0-941F-F27199018DC9}"
EndProject
Project("{2150E333-8FDC-42A3-9474-1A3956D46DE8}") = "HW3", "HW3", "{F31498EE-DA32-4EA5-BD0D-EC265D13CCE1}"
EndProject
Project("{2150E333-8FDC-42A3-9474-1A3956D46DE8}") = "HW4", "HW4", "{487EF708-84CE-482A-98EF-15D371C34B3A}"
EndProject
Project("{FAE04EC0-301F-11D3-BF4B-00C04F79EFBC}") = "UAL.UIP.HW1.AppleShop.Shared", "..\Задание1\UAL.UIP.HW1.AppleShop.Shared\UAL.UIP.HW1.AppleShop.Shared\UAL.UIP.HW1.AppleShop.Shared.csproj", "{CA742CE4-3F5C-4044-B962-4E91072E48B2}"
EndProject
Project("{FAE04EC0-301F-11D3-BF4B-00C04F79EFBC}") = "UAL.UIP.HW1.AppleShop.DAL", "..\Задание1\UAL.UIP.HW1.AppleShop.Shared\UAL.UIP.HW1.AppleShop.DAL\UAL.UIP.HW1.AppleShop.DAL.csproj", "{3F27A6C6-B769-4FE0-8F78-5671489DDCC3}"
EndProject
Project("{FAE04EC0-301F-11D3-BF4B-00C04F79EFBC}") = "UAL.UIP.HW1.AppleShop.BLL", "..\Задание1\UAL.UIP.HW1.AppleShop.Shared\UAL.UIP.HW1.AppleShop.BLL\UAL.UIP.HW1.AppleShop.BLL.csproj", "{F70BD2F5-2F6F-4709-95EB-0A9F3EEFA970}"
EndProject
Project("{FAE04EC0-301F-11D3-BF4B-00C04F79EFBC}") = "UAL.UIP.HW1.AppleShop.UI.ConsoleApp", "..\Задание1\UAL.UIP.HW1.AppleShop.Shared\UAL.UIP.HW1.AppleShop.UI.ConsoleApp\UAL.UIP.HW1.AppleShop.UI.ConsoleApp.csproj", "{DC11FE98-BCC8-457F-ACCA-4DF033773B5A}"
EndProject
Project("{FAE04EC0-301F-11D3-BF4B-00C04F79EFBC}") = "UAL.HW1.VariablesTypesTask1", "..\Задание2\UAL.HW1.VariablesTypesTask1\UAL.HW1.VariablesTypesTask1\UAL.HW1.VariablesTypesTask1.csproj", "{84E1526E-8B01-4F39-971D-51304A752A3A}"
EndProject
Project("{FAE04EC0-301F-11D3-BF4B-00C04F79EFBC}") = "UAL.HW2.ConditionsArraysLoops", "..\UAL.HW2.AfterRview\UAL.HW2.ConditionsArraysLoops\UAL.HW2.ConditionsArraysLoops\UAL.HW2.ConditionsArraysLoops.csproj", "{B544C56A-4D00-4AFB-8874-7723674E5D85}"
EndProject
Project("{FAE04EC0-301F-11D3-BF4B-00C04F79EFBC}") = "ConsoleApplication2", "..\UAL.HW3.ConditionalsMethodsAfterReview\ConsoleApplication2\ConsoleApplication2.csproj", "{1C79BFB7-2F80-4D85-9B52-E511F5782E0B}"
EndProject
Project("{FAE04EC0-301F-11D3-BF4B-00C04F79EFBC}") = "ConsoleApplication1", "..\UAL.HW4.OOP.Classes\ConsoleApplication1\ConsoleApplication1.csproj", "{F064C0BD-0BDC-425F-AABF-981B2812EBA7}"
EndProject
Global
	GlobalSection(SolutionConfigurationPlatforms) = preSolution
		Debug|Any CPU = Debug|Any CPU
		Release|Any CPU = Release|Any CPU
	EndGlobalSection
	GlobalSection(ProjectConfigurationPlatforms) = postSolution
		{CA742CE4-3F5C-4044-B962-4E91072E48B2}.Debug|Any CPU.ActiveCfg = Debug|Any CPU
		{CA742CE4-3F5C-4044-B962-4E91072E48B2}.Debug|Any CPU.Build.0 = Debug|Any CPU
		{CA742CE4-3F5C-4044-B962-4E91072E48B2}.Release|Any CPU.ActiveCfg = Release|Any CPU
		{CA742CE4-3F5C-4044-B962-4E91072E48B2}.Release|Any CPU.Build.0 = Release|Any CPU
		{3F27A6C6-B769-4FE0-8F78-5671489DDCC3}.Debug|Any CPU.ActiveCfg = Debug|Any CPU
		{3F27A6C6-B769-4FE0-8F78-5671489DDCC3}.Debug|Any CPU.Build.0 = Debug|Any CPU
		{3F27A6C6-B769-4FE0-8F78-5671489DDCC3}.Release|Any CPU.ActiveCfg = Release|Any CPU
		{3F27A6C6-B769-4FE0-8F78-5671489DDCC3}.Release|Any CPU.Build.0 = Release|Any CPU
		{F70BD2F5-2F6F-4709-95EB-0A9F3EEFA970}.Debug|Any CPU.ActiveCfg = Debug|Any CPU
		{F70BD2F5-2F6F-4709-95EB-0A9F3EEFA970}.Debug|Any CPU.Build.0 = Debug|Any CPU
		{F70BD2F5-2F6F-4709-95EB-0A9F3EEFA970}.Release|Any CPU.ActiveCfg = Release|Any CPU
		{F70BD2F5-2F6F-4709-95EB-0A9F3EEFA970}.Release|Any CPU.Build.0 = Release|Any CPU
		{DC11FE98-BCC8-457F-ACCA-4DF033773B5A}.Debug|Any CPU.ActiveCfg = Debug|Any CPU
		{DC11FE98-BCC8-457F-ACCA-4DF033773B5A}.Debug|Any CPU.Build.0 = Debug|Any CPU
		{DC11FE98-BCC8-457F-ACCA-4DF033773B5A}.Release|Any CPU.ActiveCfg = Release|Any CPU
		{DC11FE98-BCC8-457F-ACCA-4DF033773B5A}.Release|Any CPU.Build.0 = Release|Any CPU
		{84E1526E-8B01-4F39-971D-51304A752A3A}.Debug|Any CPU.ActiveCfg = Debug|Any CPU
		{84E1526E-8B01-4F39-971D-51304A752A3A}.Debug|Any CPU.Build.0 = Debug|Any CPU
		{84E1526E-8B01-4F39-971D-51304A752A3A}.Release|Any CPU.ActiveCfg = Release|Any CPU
		{84E1526E-8B01-4F39-971D-51304A752A3A}.Release|Any CPU.Build.0 = Release|Any CPU
		{B544C56A-4D00-4AFB-8874-7723674E5D85}.Debug|Any CPU.ActiveCfg = Debug|Any CPU
		{B544C56A-4D00-4AFB-8874-7723674E5D85}.Debug|Any CPU.Build.0 = Debug|Any CPU
		{B544C56A-4D00-4AFB-8874-7723674E5D85}.Release|Any CPU.ActiveCfg = Release|Any CPU
		{B544C56A-4D00-4AFB-8874-7723674E5D85}.Release|Any CPU.Build.0 = Release|Any CPU
		{1C79BFB7-2F80-4D85-9B52-E511F5782E0B}.Debug|Any CPU.ActiveCfg = Debug|Any CPU
		{1C79BFB7-2F80-4D85-9B52-E511F5782E0B}.Debug|Any CPU.Build.0 = Debug|Any CPU
		{1C79BFB7-2F80-4D85-9B52-E511F5782E0B}.Release|Any CPU.ActiveCfg = Release|Any CPU
		{1C79BFB7-2F80-4D85-9B52-E511F5782E0B}.Release|Any CPU.Build.0 = Release|Any CPU
		{F064C0BD-0BDC-425F-AABF-981B2812EBA7}.Debug|Any CPU.ActiveCfg = Debug|Any CPU
		{F064C0BD-0BDC-425F-AABF-981B2812EBA7}.Debug|Any CPU.Build.0 = Debug|Any CPU
		{F064C0BD-0BDC-425F-AABF-981B2812EBA7}.Release|Any CPU.ActiveCfg = Release|Any CPU
		{F064C0BD-0BDC-425F-AABF-981B2812EBA7}.Release|Any CPU.Build.0 = Release|Any CPU
	EndGlobalSection
	GlobalSection(SolutionProperties) = preSolution
		HideSolutionNode = FALSE
	EndGlobalSection
	GlobalSection(NestedProjects) = preSolution
		{CA742CE4-3F5C-4044-B962-4E91072E48B2} = {C8503AB1-6E21-47C1-BFCE-B60DB9CABDF2}
		{3F27A6C6-B769-4FE0-8F78-5671489DDCC3} = {C8503AB1-6E21-47C1-BFCE-B60DB9CABDF2}
		{F70BD2F5-2F6F-4709-95EB-0A9F3EEFA970} = {C8503AB1-6E21-47C1-BFCE-B60DB9CABDF2}
		{DC11FE98-BCC8-457F-ACCA-4DF033773B5A} = {C8503AB1-6E21-47C1-BFCE-B60DB9CABDF2}
		{84E1526E-8B01-4F39-971D-51304A752A3A} = {C8503AB1-6E21-47C1-BFCE-B60DB9CABDF2}
		{B544C56A-4D00-4AFB-8874-7723674E5D85} = {76AFD5F0-AA74-42C0-941F-F27199018DC9}
		{1C79BFB7-2F80-4D85-9B52-E511F5782E0B} = {F31498EE-DA32-4EA5-BD0D-EC265D13CCE1}
		{F064C0BD-0BDC-425F-AABF-981B2812EBA7} = {487EF708-84CE-482A-98EF-15D371C34B3A}
	EndGlobalSection
EndGlobal
